
Microsoft Visual Studio Solution File, Format Version 12.00
# Visual Studio Version 17
VisualStudioVersion = 17.0.31903.59
MinimumVisualStudioVersion = 10.0.40219.1
Project("{FAE04EC0-301F-11D3-BF4B-00C04F79EFBC}") = "CatFromLastWeek", "CatFromLastWeek\CatFromLastWeek.csproj", "{09B8FDC2-6F4E-4890-985E-243147DE3D6B}"
EndProject
Project("{FAE04EC0-301F-11D3-BF4B-00C04F79EFBC}") = "ClassVsStruct", "ClassVsStruct\ClassVsStruct.csproj", "{473BFDA9-B8CF-43E1-8C1E-0075212C888F}"
EndProject
Global
	GlobalSection(SolutionConfigurationPlatforms) = preSolution
		Debug|Any CPU = Debug|Any CPU
		Release|Any CPU = Release|Any CPU
	EndGlobalSection
	GlobalSection(SolutionProperties) = preSolution
		HideSolutionNode = FALSE
	EndGlobalSection
	GlobalSection(ProjectConfigurationPlatforms) = postSolution
		{09B8FDC2-6F4E-4890-985E-243147DE3D6B}.Debug|Any CPU.ActiveCfg = Debug|Any CPU
		{09B8FDC2-6F4E-4890-985E-243147DE3D6B}.Debug|Any CPU.Build.0 = Debug|Any CPU
		{09B8FDC2-6F4E-4890-985E-243147DE3D6B}.Release|Any CPU.ActiveCfg = Release|Any CPU
		{09B8FDC2-6F4E-4890-985E-243147DE3D6B}.Release|Any CPU.Build.0 = Release|Any CPU
		{473BFDA9-B8CF-43E1-8C1E-0075212C888F}.Debug|Any CPU.ActiveCfg = Debug|Any CPU
		{473BFDA9-B8CF-43E1-8C1E-0075212C888F}.Debug|Any CPU.Build.0 = Debug|Any CPU
		{473BFDA9-B8CF-43E1-8C1E-0075212C888F}.Release|Any CPU.ActiveCfg = Release|Any CPU
		{473BFDA9-B8CF-43E1-8C1E-0075212C888F}.Release|Any CPU.Build.0 = Release|Any CPU
	EndGlobalSection
EndGlobal
